SITE
  remote: http://community.opscode.com/api/v1
  specs:
    apt (1.3.2)
    aws (0.99.1)
    build-essential (1.0.0)
    git (0.10.0)
      runit (>= 0.0.0)
      yum (>= 0.0.0)
    locale (0.0.1)
    locale-gen (0.0.1)
    openssl (1.0.0)
    postgresql (0.99.2)
      openssl (>= 0.0.0)
    ruby_build (0.6.0)
    runit (0.14.2)
    user (0.2.10)
    xfs (1.0.0)
    yum (0.5.2)

GIT
  remote: https://github.com/antoinerg/chef-gitolite
  ref: master
  sha: 41ec2a34e4f0a6bfb473a543d00c95603c74b57e
  specs:
    gitolite (0.0.1)
      git (>= 0.0.0)

GIT
  remote: https://github.com/everm1nd/chef-gitlabhq
  ref: master
  sha: faeddea27d00f06a20ecba29060d565b33089fc0
  specs:
    gitlabhq (0.0.1)
      git (>= 0.0.0)
      gitolite (>= 0.0.0)

GIT
  remote: https://github.com/everm1nd/database-cookbook
  ref: master
  sha: ae7c21c0587c845b2861027efee99757739d1904
  specs:
    database (1.1.0)
      aws (>= 0.0.0)
      mysql (>= 1.2.0)
      postgresql (>= 0.0.0)
      xfs (>= 0.0.0)

GIT
  remote: https://github.com/everm1nd/gem-config-cookbook
  ref: HEAD
  sha: a8c27702810bfc47765d2f18bb2dcf0ab8835b22
  specs:
    gem-config (0.0.1)

GIT
  remote: https://github.com/everm1nd/mysql
  ref: HEAD
  sha: 5f04b86dee3a2bebd01a33604ce8d4b7330f656f
  specs:
    mysql (1.2.4)
      openssl (>= 0.0.0)

GIT
  remote: https://github.com/everm1nd/oh-my-zsh
  ref: master
  sha: 53805ed23c92da4d459f454cbf62e66ddd029626
  specs:
    oh-my-zsh (0.4.2)
      git (>= 0.0.0)
      user (>= 0.0.0)
      zsh (>= 0.0.0)

GIT
  remote: https://github.com/everm1nd/rbenv-cookbook
  ref: master
  sha: 08f48bbc8767420d6569fc6c6667c84a551eac55
  specs:
    rbenv (1.0.0)
      git (>= 0.0.0)

GIT
  remote: https://github.com/everm1nd/zsh
  ref: master
  sha: 6a61da64dca30dbb96ba183bc62b2a414641a7f1
  specs:
    zsh (0.7.1)

DEPENDENCIES
  apt (>= 0)
  build-essential (>= 0)
  database (>= 0)
  gem-config (>= 0)
  git (>= 0)
  gitlabhq (>= 0)
  gitolite (>= 0)
  locale (>= 0)
  locale-gen (>= 0)
  mysql (>= 0)
  oh-my-zsh (>= 0)
  rbenv (>= 0)
  ruby_build (>= 0)
  zsh (>= 0)

