SITE
  remote: http://community.opscode.com/api/v1
  specs:
    apt (1.4.0)
    aws (0.99.1)
    bluepill (1.0.4)
    build-essential (1.0.0)
    git (0.10.0)
      runit (>= 0.0.0)
      yum (>= 0.0.0)
    locale (0.0.1)
    locale-gen (0.0.1)
    nginx (0.100.2)
      bluepill (>= 0.0.0)
      build-essential (>= 0.0.0)
      runit (>= 0.0.0)
    openssl (1.0.0)
    postgresql (0.99.4)
      openssl (>= 0.0.0)
    ruby_build (0.6.0)
    runit (0.15.0)
    timezone (0.0.1)
    user (0.2.10)
    xfs (1.0.0)
    yum (0.5.2)

GIT
  remote: https://github.com/antoinerg/chef-gitolite
  ref: HEAD
  sha: 41ec2a34e4f0a6bfb473a543d00c95603c74b57e
  specs:
    gitolite (0.0.1)
      git (>= 0.0.0)

GIT
  remote: https://github.com/everm1nd/chef-gitlabhq
  ref: HEAD
  sha: 610cd34bcce8efa83cc7c49b9275e776d26a8eee
  specs:
    gitlabhq (0.0.1)
      git (>= 0.0.0)
      gitolite (>= 0.0.0)

GIT
  remote: https://github.com/everm1nd/database-cookbook
  ref: HEAD
  sha: ae7c21c0587c845b2861027efee99757739d1904
  specs:
    database (1.1.0)
      aws (>= 0.0.0)
      mysql (>= 1.2.0)
      postgresql (>= 0.0.0)
      xfs (>= 0.0.0)

GIT
  remote: https://github.com/everm1nd/gem-config-cookbook
  ref: HEAD
  sha: a8c27702810bfc47765d2f18bb2dcf0ab8835b22
  specs:
    gem-config (0.0.1)

GIT
  remote: https://github.com/everm1nd/mysql
  ref: HEAD
  sha: 6c056ae1fe62d373c947aa8b79207d33f96f660e
  specs:
    mysql (1.2.4)
      openssl (>= 0.0.0)

GIT
  remote: https://github.com/everm1nd/oh-my-zsh
  ref: HEAD
  sha: 53805ed23c92da4d459f454cbf62e66ddd029626
  specs:
    oh-my-zsh (0.4.2)
      git (>= 0.0.0)
      user (>= 0.0.0)
      zsh (>= 0.0.0)

GIT
  remote: https://github.com/everm1nd/rbenv-cookbook
  ref: HEAD
  sha: a31d9bc0a24b2d0c6dfbb090769d538d199101ad
  specs:
    rbenv (1.0.0)
      git (>= 0.0.0)

GIT
  remote: https://github.com/everm1nd/zsh
  ref: HEAD
  sha: 6a61da64dca30dbb96ba183bc62b2a414641a7f1
  specs:
    zsh (0.7.1)

DEPENDENCIES
  apt (>= 0)
  build-essential (>= 0)
  database (>= 0)
  gem-config (>= 0)
  git (>= 0)
  gitlabhq (>= 0)
  gitolite (>= 0)
  locale (>= 0)
  locale-gen (>= 0)
  mysql (>= 0)
  nginx (>= 0)
  oh-my-zsh (>= 0)
  rbenv (>= 0)
  ruby_build (>= 0)
  runit (>= 0)
  timezone (>= 0)
  zsh (>= 0)

